
Microsoft Visual Studio Solution File, Format Version 12.00
# Visual Studio Version 17
VisualStudioVersion = 17.2.32630.192
MinimumVisualStudioVersion = 10.0.40219.1
Project("{2150E333-8FDC-42A3-9474-1A3956D46DE8}") = "1. PRESENTATION", "1. PRESENTATION", "{54BB30FF-89CC-4AE6-A9ED-C96F95EDF8BB}"
EndProject
Project("{2150E333-8FDC-42A3-9474-1A3956D46DE8}") = "2. APPLICATION", "2. APPLICATION", "{0463831D-E748-4E66-B252-5A01F2D2574E}"
EndProject
Project("{2150E333-8FDC-42A3-9474-1A3956D46DE8}") = "3. DOMAIN", "3. DOMAIN", "{231D0CD8-D8F5-4F23-96B0-62BB4B597866}"
EndProject
Project("{2150E333-8FDC-42A3-9474-1A3956D46DE8}") = "4. INFRASTRUCTURE", "4. INFRASTRUCTURE", "{37D909F0-938D-4C86-A767-BFBDCC608393}"
EndProject
Project("{2150E333-8FDC-42A3-9474-1A3956D46DE8}") = "1.1 WEB", "1.1 WEB", "{C4ED49AD-F22E-4C4E-BC79-20CACBD9C59C}"
EndProject
Project("{FAE04EC0-301F-11D3-BF4B-00C04F79EFBC}") = "N5.CHALLENGE.API", "N5.CHALLENGE.API\N5.CHALLENGE.API.csproj", "{C3BD5E83-B974-40A0-9252-3DABA9414311}"
EndProject
Project("{FAE04EC0-301F-11D3-BF4B-00C04F79EFBC}") = "N5.CHALLENGE.APPLICATION", "N5.CHALLENGE.APPLICATION\N5.CHALLENGE.APPLICATION.csproj", "{CCAF5F1B-528B-46FA-B110-A6FC855E866B}"
EndProject
Project("{FAE04EC0-301F-11D3-BF4B-00C04F79EFBC}") = "N5.CHALLENGE.DOMAIN", "N5.CHALLENGE.DOMAIN\N5.CHALLENGE.DOMAIN.csproj", "{73A50AC3-2F55-4DC7-B692-60B459DDF415}"
EndProject
Project("{2150E333-8FDC-42A3-9474-1A3956D46DE8}") = "4.1 REPOSITORY", "4.1 REPOSITORY", "{F0128C50-98E2-4086-A531-3A4E48CE1F83}"
EndProject
Project("{FAE04EC0-301F-11D3-BF4B-00C04F79EFBC}") = "N5.CHALLENGE.INFRA.REPOSITORY", "N5.CHALLENGE.INFRA.REPOSITORY\N5.CHALLENGE.INFRA.REPOSITORY.csproj", "{6B571489-8AE7-4A98-B071-6421AC015905}"
EndProject
Project("{2150E333-8FDC-42A3-9474-1A3956D46DE8}") = "5. Unit Tests", "5. Unit Tests", "{A04C6791-9046-47DA-96E0-334E3F42065B}"
EndProject
Project("{FAE04EC0-301F-11D3-BF4B-00C04F79EFBC}") = "N5.CHALLENGE.UNIT.TESTS", "N5.CHALLENGE.UNIT.TESTS\N5.CHALLENGE.UNIT.TESTS.csproj", "{5327EC47-0FAD-43B6-9403-A06BF9E37176}"
EndProject
Global
	GlobalSection(SolutionConfigurationPlatforms) = preSolution
		Debug|Any CPU = Debug|Any CPU
		Release|Any CPU = Release|Any CPU
	EndGlobalSection
	GlobalSection(ProjectConfigurationPlatforms) = postSolution
		{C3BD5E83-B974-40A0-9252-3DABA9414311}.Debug|Any CPU.ActiveCfg = Debug|Any CPU
		{C3BD5E83-B974-40A0-9252-3DABA9414311}.Debug|Any CPU.Build.0 = Debug|Any CPU
		{C3BD5E83-B974-40A0-9252-3DABA9414311}.Release|Any CPU.ActiveCfg = Release|Any CPU
		{C3BD5E83-B974-40A0-9252-3DABA9414311}.Release|Any CPU.Build.0 = Release|Any CPU
		{CCAF5F1B-528B-46FA-B110-A6FC855E866B}.Debug|Any CPU.ActiveCfg = Debug|Any CPU
		{CCAF5F1B-528B-46FA-B110-A6FC855E866B}.Debug|Any CPU.Build.0 = Debug|Any CPU
		{CCAF5F1B-528B-46FA-B110-A6FC855E866B}.Release|Any CPU.ActiveCfg = Release|Any CPU
		{CCAF5F1B-528B-46FA-B110-A6FC855E866B}.Release|Any CPU.Build.0 = Release|Any CPU
		{73A50AC3-2F55-4DC7-B692-60B459DDF415}.Debug|Any CPU.ActiveCfg = Debug|Any CPU
		{73A50AC3-2F55-4DC7-B692-60B459DDF415}.Debug|Any CPU.Build.0 = Debug|Any CPU
		{73A50AC3-2F55-4DC7-B692-60B459DDF415}.Release|Any CPU.ActiveCfg = Release|Any CPU
		{73A50AC3-2F55-4DC7-B692-60B459DDF415}.Release|Any CPU.Build.0 = Release|Any CPU
		{6B571489-8AE7-4A98-B071-6421AC015905}.Debug|Any CPU.ActiveCfg = Debug|Any CPU
		{6B571489-8AE7-4A98-B071-6421AC015905}.Debug|Any CPU.Build.0 = Debug|Any CPU
		{6B571489-8AE7-4A98-B071-6421AC015905}.Release|Any CPU.ActiveCfg = Release|Any CPU
		{6B571489-8AE7-4A98-B071-6421AC015905}.Release|Any CPU.Build.0 = Release|Any CPU
		{5327EC47-0FAD-43B6-9403-A06BF9E37176}.Debug|Any CPU.ActiveCfg = Debug|Any CPU
		{5327EC47-0FAD-43B6-9403-A06BF9E37176}.Debug|Any CPU.Build.0 = Debug|Any CPU
		{5327EC47-0FAD-43B6-9403-A06BF9E37176}.Release|Any CPU.ActiveCfg = Release|Any CPU
		{5327EC47-0FAD-43B6-9403-A06BF9E37176}.Release|Any CPU.Build.0 = Release|Any CPU
	EndGlobalSection
	GlobalSection(SolutionProperties) = preSolution
		HideSolutionNode = FALSE
	EndGlobalSection
	GlobalSection(NestedProjects) = preSolution
		{C4ED49AD-F22E-4C4E-BC79-20CACBD9C59C} = {54BB30FF-89CC-4AE6-A9ED-C96F95EDF8BB}
		{C3BD5E83-B974-40A0-9252-3DABA9414311} = {C4ED49AD-F22E-4C4E-BC79-20CACBD9C59C}
		{CCAF5F1B-528B-46FA-B110-A6FC855E866B} = {0463831D-E748-4E66-B252-5A01F2D2574E}
		{73A50AC3-2F55-4DC7-B692-60B459DDF415} = {231D0CD8-D8F5-4F23-96B0-62BB4B597866}
		{F0128C50-98E2-4086-A531-3A4E48CE1F83} = {37D909F0-938D-4C86-A767-BFBDCC608393}
		{6B571489-8AE7-4A98-B071-6421AC015905} = {F0128C50-98E2-4086-A531-3A4E48CE1F83}
		{5327EC47-0FAD-43B6-9403-A06BF9E37176} = {A04C6791-9046-47DA-96E0-334E3F42065B}
	EndGlobalSection
	GlobalSection(ExtensibilityGlobals) = postSolution
		SolutionGuid = {EC147A39-8DDA-46E1-893A-4CB9A132D049}
	EndGlobalSection
EndGlobal
